
# cargo-vet imports lock

[[publisher.bitflags]]
version = "2.11.0"
when = "2026-02-14"
user-id = 3204
user-login = "KodrAus"
user-name = "Ashley Mannix"

[[publisher.cfg-if]]
version = "1.0.4"
when = "2025-10-15"
user-id = 55123
user-login = "rust-lang-owner"

[[publisher.device-driver]]
version = "2.1.0"
when = "2026-08-24"
user-id = 85562
user-login = "diondokter"
user-name = "Dion Dokter"

[[publisher.libc]]
version = "0.2.183"
when = "2026-03-08"
user-id = 55123
user-login = "rust-lang-owner"

[[publisher.log]]
version = "0.4.31"
when = "2026-06-02"
user-id = 3204
user-login = "KodrAus"
user-name = "Ashley Mannix"

[[publisher.memchr]]
version = "2.8.1"
when = "2026-05-27"
user-id = 189
user-login = "BurntSushi"
user-name = "Andrew Gallant"

[[publisher.mio]]
version = "1.2.1"
when = "2026-05-28"
user-id = 6025
user-login = "Thomasdezeeuw"
user-name = "Thomas de Zeeuw"

[[publisher.parking_lot]]
version = "0.12.5"
when = "2025-10-03"
user-id = 2915
user-login = "Amanieu"
user-name = "Amanieu d'Antras"

[[publisher.parking_lot_core]]
version = "0.9.12"
when = "2025-10-03"
user-id = 2915
user-login = "Amanieu"
user-name = "Amanieu d'Antras"

[[publisher.proc-macro2]]
version = "1.0.106"
when = "2026-01-21"
user-id = 3618
user-login = "dtolnay"
user-name = "David Tolnay"

[[publisher.quote]]
version = "1.0.45"
when = "2026-03-03"
user-id = 3618
user-login = "dtolnay"
user-name = "David Tolnay"

[[publisher.syn]]
version = "2.0.117"
when = "2026-02-20"
user-id = 3618
user-login = "dtolnay"
user-name = "David Tolnay"

[[publisher.thiserror]]
version = "2.0.18"
when = "2026-01-18"
user-id = 3618
user-login = "dtolnay"
user-name = "David Tolnay"

[[publisher.thiserror-impl]]
version = "2.0.18"
when = "2026-01-18"
user-id = 3618
user-login = "dtolnay"
user-name = "David Tolnay"

[[publisher.unicode-ident]]
version = "1.0.24"
when = "2026-02-16"
user-id = 3618
user-login = "dtolnay"
user-name = "David Tolnay"

[[publisher.zerocopy]]
version = "0.8.42"
when = "2026-03-09"
user-id = 7178
user-login = "joshlf"
user-name = "Josh Liebow-Feeser"

[[publisher.zerocopy-derive]]
version = "0.8.42"
when = "2026-03-09"
user-id = 7178
user-login = "joshlf"
user-name = "Josh Liebow-Feeser"

[[audits.OpenDevicePartnership.audits.aho-corasick]]
who = "Jerry Xie <jerryxie@microsoft.com>"
criteria = "safe-to-deploy"
version = "1.1.4"
notes = "Multi-pattern string matching by BurntSushi. SIMD/DFA optimized. Assisted-by: copilot-cli:claude-opus-4.6"
aggregated-from = "https://raw.githubusercontent.com/OpenDevicePartnership/odp-utilities/refs/heads/main/supply-chain/audits.toml"

[[audits.OpenDevicePartnership.audits.bitfield-struct]]
who = "matteotullo <matteotullo@microsoft.com>"
criteria = "safe-to-deploy"
delta = "0.10.1 -> 0.12.1"
notes = "Adds hash and bitenum derives, mostly parsing and refactoring changes. No code execution nor writing to the filesystem."
aggregated-from = "https://raw.githubusercontent.com/OpenDevicePartnership/embedded-services/refs/heads/main/supply-chain/audits.toml"

[[audits.OpenDevicePartnership.audits.cc]]
who = "Jerry Xie <jerryxie@microsoft.com>"
criteria = "safe-to-deploy"
version = "1.2.45"
notes = "C compiler invocation. Unsafe for jobserver/COM. fs/process is core purpose. Assisted-by: copilot-cli:claude-opus-4.6"
aggregated-from = "https://raw.githubusercontent.com/OpenDevicePartnership/systemview-tracing/refs/heads/main/supply-chain/audits.toml"

[[audits.OpenDevicePartnership.audits.cc]]
who = "Jerry Xie <jerryxie@microsoft.com>"
criteria = "safe-to-deploy"
delta = "1.2.45 -> 1.2.63"
notes = "Delta 1.2.45->1.2.63: env var handling refactor, deterministic archives, deadlock fixes, new targets (HelenOS/relibc/RISC-V/VS2026), clang-cl cross-compile fix. No unsafe code. All changes consistent with build-tool purpose. Assisted-by: GitHub Copilot:claude-opus-4.6 cargo-vet"
aggregated-from = "https://raw.githubusercontent.com/OpenDevicePartnership/embassy-npcx/refs/heads/main/supply-chain/audits.toml"

[[audits.OpenDevicePartnership.audits.cordyceps]]
who = "Jerry Xie <jerryxie@microsoft.com>"
criteria = "safe-to-deploy"
version = "0.3.4"
notes = "Intrusive data structures crate (no_std). ~115 unsafe blocks, all necessary for intrusive linked list/queue/stack ops. Correct patterns: addr_of_mut, proper atomic orderings, Vyukov MPSC algorithm. No build script, no proc macros, no powerful imports. Assisted-by: copilot-cli:claude-opus-4.6"
aggregated-from = "https://raw.githubusercontent.com/OpenDevicePartnership/embedded-services/refs/heads/main/supply-chain/audits.toml"

[[audits.OpenDevicePartnership.audits.defmt]]
who = "Felipe Balbi <felipe.balbi@microsoft.com>"
criteria = "safe-to-deploy"
version = "1.0.1"
aggregated-from = "https://raw.githubusercontent.com/OpenDevicePartnership/mcxa-pac/refs/heads/main/supply-chain/audits.toml"

[[audits.OpenDevicePartnership.audits.defmt]]
who = "Jerry Xie <jerryxie@microsoft.com>"
criteria = "safe-to-deploy"
delta = "1.0.1 -> 1.1.0"
notes = "Delta audit: No new unsafe code. build.rs adds xtensa-esp32s2-none-elf to no_cas list. New Format impls for core::fmt::Error and Wrapping are safe. Assisted-by: GitHub Copilot:claude-opus-4.6"
aggregated-from = "https://raw.githubusercontent.com/OpenDevicePartnership/embedded-services/refs/heads/main/supply-chain/audits.toml"

[[audits.OpenDevicePartnership.audits.defmt]]
who = "Jerry Xie <jerryxie@microsoft.com>"
criteria = "safe-to-deploy"
delta = "1.1.0 -> 1.1.1"
notes = "Reviewed version/dependency metadata and UI diagnostic updates. Runtime implementation is unchanged; defmt-macros is pinned from 1.1.0 to separately audited 1.1.1. No unsafe or ambient capability changes."
aggregated-from = "https://raw.githubusercontent.com/OpenDevicePartnership/bq25723/refs/heads/main/supply-chain/audits.toml"

[[audits.OpenDevicePartnership.audits.defmt-macros]]
who = "Felipe Balbi <felipe.balbi@microsoft.com>"
criteria = "safe-to-deploy"
version = "1.0.1"
aggregated-from = "https://raw.githubusercontent.com/OpenDevicePartnership/mcxa-pac/refs/heads/main/supply-chain/audits.toml"

[[audits.OpenDevicePartnership.audits.defmt-macros]]
who = "Jerry Xie <jerryxie@microsoft.com>"
criteria = "safe-to-deploy"
delta = "1.0.1 -> 1.1.0"
notes = "Delta: adds transparent/bound derive attrs. No unsafe. Assisted-by: copilot-cli:claude-opus-4.6"
aggregated-from = "https://raw.githubusercontent.com/OpenDevicePartnership/bq40z50/refs/heads/main/supply-chain/audits.toml"

[[audits.OpenDevicePartnership.audits.defmt-macros]]
who = "Jerry Xie <jerryxie@microsoft.com>"
criteria = "safe-to-deploy"
delta = "1.1.0 -> 1.1.1"
notes = "Replaced proc-macro-error2 diagnostic handling with syn::Error across proc-macro parsing and error paths. Reviewed generated-code paths and dependency changes; no unsafe code or new filesystem, network, environment, or process capabilities were introduced."
aggregated-from = "https://raw.githubusercontent.com/OpenDevicePartnership/bq25723/refs/heads/main/supply-chain/audits.toml"

[[audits.OpenDevicePartnership.audits.defmt-parser]]
who = "Felipe Balbi <felipe.balbi@microsoft.com>"
criteria = "safe-to-deploy"
version = "1.0.0"
aggregated-from = "https://raw.githubusercontent.com/OpenDevicePartnership/mcxa-pac/refs/heads/main/supply-chain/audits.toml"

[[audits.OpenDevicePartnership.audits.embedded-batteries]]
who = "matteotullo <matteotullo@microsoft.com>"
criteria = "safe-to-deploy"
version = "0.3.4"
notes = "ODP crates are always trusted."
aggregated-from = "https://raw.githubusercontent.com/OpenDevicePartnership/embedded-services/refs/heads/main/supply-chain/audits.toml"

[[audits.OpenDevicePartnership.audits.embedded-batteries-async]]
who = "matteotullo <matteotullo@microsoft.com>"
criteria = "safe-to-deploy"
version = "0.3.4"
notes = "ODP crates are always trusted."
aggregated-from = "https://raw.githubusercontent.com/OpenDevicePartnership/embedded-services/refs/heads/main/supply-chain/audits.toml"

[[audits.OpenDevicePartnership.audits.embedded-hal]]
who = "Felipe Balbi <felipe.balbi@microsoft.com>"
criteria = "safe-to-deploy"
version = "0.2.7"
aggregated-from = "https://raw.githubusercontent.com/OpenDevicePartnership/mcxa-pac/refs/heads/main/supply-chain/audits.toml"

[[audits.OpenDevicePartnership.audits.embedded-hal]]
who = "Jerry Xie <jerryxie@microsoft.com>"
criteria = "safe-to-deploy"
delta = "0.2.7 -> 1.0.0"
notes = "Pure no_std trait crate. Complete API redesign for 1.0: removed nb-based traits, CAN module, all unsafe code. Only defines traits/enums/types for digital, I2C, SPI, PWM, delay. No build script, no proc macros, no powerful imports. Assisted-by: copilot-cli:claude-opus-4.6"
aggregated-from = "https://raw.githubusercontent.com/OpenDevicePartnership/embedded-services/refs/heads/main/supply-chain/audits.toml"

[[audits.OpenDevicePartnership.audits.embedded-hal-async]]
who = "Jerry Xie <jerryxie@microsoft.com>"
criteria = "safe-to-deploy"
version = "1.0.0"
notes = "no_std async HAL trait definitions. No unsafe in library. Build script only runs rustc --version. Assisted-by: copilot-cli:claude-opus-4.6"
aggregated-from = "https://raw.githubusercontent.com/OpenDevicePartnership/embedded-services/refs/heads/main/supply-chain/audits.toml"

[[audits.OpenDevicePartnership.audits.embedded-hal-mock]]
who = "Jerry Xie <jerryxie@microsoft.com>"
criteria = "safe-to-run"
delta = "0.8.0 -> 0.11.1"
notes = "Delta: adds embedded-hal 1.x support. No unsafe, no network/fs access. Test mock infrastructure. Assisted-by: copilot-cli:claude-opus-4.6"
aggregated-from = "https://raw.githubusercontent.com/OpenDevicePartnership/bq25773/refs/heads/main/supply-chain/audits.toml"

[[audits.OpenDevicePartnership.audits.embedded-hal-nb]]
who = "Jerry Xie <jerryxie@microsoft.com>"
criteria = "safe-to-deploy"
version = "1.0.0"
notes = "no_std trait-only crate. No unsafe, no build script, no proc macros, no powerful imports. Assisted-by: copilot-cli:claude-opus-4.6"
aggregated-from = "https://raw.githubusercontent.com/OpenDevicePartnership/embedded-services/refs/heads/main/supply-chain/audits.toml"

[[audits.OpenDevicePartnership.audits.embedded-io]]
who = "Jerry Xie <jerryxie@microsoft.com>"
criteria = "safe-to-deploy"
delta = "0.6.1 -> 0.7.1"
notes = "Add core::error::Error trait bound (MSRV 1.81). defmt 0.3->1.0. Implement ReadReady/WriteReady for slices and VecDeque. Add seek_relative(). Fix method forwardings. Trusted publisher (Dirbaio from Embedded WG)."
aggregated-from = "https://raw.githubusercontent.com/OpenDevicePartnership/embassy-imxrt/refs/heads/main/supply-chain/audits.toml"

[[audits.OpenDevicePartnership.audits.embedded-io-async]]
who = "Jerry Xie <jerryxie@microsoft.com>"
criteria = "safe-to-deploy"
version = "0.6.1"
notes = "No unsafe. Build script only detects nightly via rustc --version. Pure async trait definitions for embedded I/O. Assisted-by: copilot-cli:claude-opus-4.6"
aggregated-from = "https://raw.githubusercontent.com/OpenDevicePartnership/embedded-services/refs/heads/main/supply-chain/audits.toml"

[[audits.OpenDevicePartnership.audits.embedded-io-async]]
who = "Jerry Xie <jerryxie@microsoft.com>"
criteria = "safe-to-deploy"
delta = "0.6.1 -> 0.7.0"
notes = "Delta 0.6.1->0.7.0: No unsafe. Build script removed (AFIT now stable). flush() made required, BufRead requires Read, new VecDeque impls. Assisted-by: copilot-cli:claude-opus-4.6"
aggregated-from = "https://raw.githubusercontent.com/OpenDevicePartnership/embedded-services/refs/heads/main/supply-chain/audits.toml"

[[audits.OpenDevicePartnership.audits.embedded-sensors-hal]]
who = "Kurtis Dinelle <kdinelle@microsoft.com>"
criteria = "safe-to-deploy"
version = "0.1.0"
notes = "ODP crates are always trusted."
aggregated-from = "https://raw.githubusercontent.com/OpenDevicePartnership/embedded-services/refs/heads/main/supply-chain/audits.toml"

[[audits.OpenDevicePartnership.audits.embedded-sensors-hal]]
who = "Jerry Xie <jerryxie@microsoft.com>"
criteria = "safe-to-deploy"
delta = "0.1.0 -> 0.1.1"
notes = "Delta audit: #![forbid(unsafe_code)] and #![no_std] remain enforced. No build script (build=false). Changes: defmt dep bumped 0.3.7->1.0.0, added paste dep for identifier concatenation, added assert_approx_eq dev-dep. New decl_threshold_traits! declarative macro generates blocking ThresholdSet/Hysteresis traits (and async ThresholdWait variant). Temperature and humidity modules invoke the macro and add comprehensive tests. Doc example fixes (crate name, struct typo). Typo fixes in ErrorKind Display impl. No unsafe code, no proc macros, no filesystem/network/process access. Assisted-by: GitHub Copilot:claude-opus-4.6"
aggregated-from = "https://raw.githubusercontent.com/OpenDevicePartnership/embedded-services/refs/heads/main/supply-chain/audits.toml"

[[audits.OpenDevicePartnership.audits.embedded-time]]
who = "Jerry Xie <jerryxie@microsoft.com>"
criteria = "safe-to-run"
version = "0.12.1"
notes = "Full audit: no_std embedded time library. deny(unsafe_code). No build script, no ambient capabilities. Assisted-by: copilot-cli:claude-opus-4.6"
aggregated-from = "https://raw.githubusercontent.com/OpenDevicePartnership/bq25773/refs/heads/main/supply-chain/audits.toml"

[[audits.OpenDevicePartnership.audits.find-msvc-tools]]
who = "Jerry Xie <jerryxie@microsoft.com>"
criteria = "safe-to-deploy"
version = "0.1.9"
notes = "Full audit of find-msvc-tools 0.1.9, extracted from cc-rs. Zero dependencies. Unsafe code is COM/FFI wrappers for Windows registry, VS Setup Configuration COM interfaces, and kernel32 dynamic loading - all sound with proper Drop impls and error checking. Compile-time type check guards transmute_copy for dynamic GetMachineTypeAttributes. No build script, no proc macros, no network access. Only accesses filesystem/registry/COM to locate MSVC tooling as advertised. Assisted-by: GitHub Copilot:claude-opus-4.6"
aggregated-from = "https://raw.githubusercontent.com/OpenDevicePartnership/embedded-services/refs/heads/main/supply-chain/audits.toml"

[[audits.OpenDevicePartnership.audits.futures-core]]
who = "Jerry Xie <jerryxie@microsoft.com>"
criteria = "safe-to-deploy"
delta = "0.3.31 -> 0.3.32"
notes = "Delta audit: version bump, Cargo.toml cosmetic reorder, AtomicWaker correctness fix (fetch_and to swap for cleaner state transition), ready! macro doc update. No new unsafe code, no build script, no proc macros, no powerful imports. Assisted-by: GitHub Copilot:claude-opus-4.6"
aggregated-from = "https://raw.githubusercontent.com/OpenDevicePartnership/embedded-services/refs/heads/main/supply-chain/audits.toml"

[[audits.OpenDevicePartnership.audits.gimli]]
who = "Robert Zieba <robertzieba@microsoft.com>"
criteria = "safe-to-run"
version = "0.31.1"
aggregated-from = "https://raw.githubusercontent.com/OpenDevicePartnership/embedded-services/refs/heads/main/supply-chain/audits.toml"

[[audits.OpenDevicePartnership.audits.num]]
who = "Jerry Xie <jerryxie@microsoft.com>"
criteria = "safe-to-run"
delta = "0.4.0 -> 0.3.1"
notes = "Downgrade delta: version and dep changes only. no_std meta-crate. No unsafe, no build script. Assisted-by: copilot-cli:claude-opus-4.6"
aggregated-from = "https://raw.githubusercontent.com/OpenDevicePartnership/bq25773/refs/heads/main/supply-chain/audits.toml"

[[audits.OpenDevicePartnership.audits.num-complex]]
who = "Jerry Xie <jerryxie@microsoft.com>"
criteria = "safe-to-run"
delta = "0.4.2 -> 0.3.1"
notes = "Downgrade delta: removes ComplexFloat trait, bytemuck support. Strict feature subset, no unsafe. Assisted-by: copilot-cli:claude-opus-4.6"
aggregated-from = "https://raw.githubusercontent.com/OpenDevicePartnership/bq25773/refs/heads/main/supply-chain/audits.toml"

[[audits.OpenDevicePartnership.audits.num-iter]]
who = "Jerry Xie <jerryxie@microsoft.com>"
criteria = "safe-to-deploy"
delta = "0.1.43 -> 0.1.45"
notes = "Delta audit: edition upgrade to 2018, MSRV 1.31, build.rs removed, i128 now unconditional, DoubleEndedIterator uses Integer::dec(). No unsafe, no powerful imports, no_std only. Assisted-by: copilot-cli:claude-opus-4.6"
aggregated-from = "https://raw.githubusercontent.com/OpenDevicePartnership/embedded-services/refs/heads/main/supply-chain/audits.toml"

[[audits.OpenDevicePartnership.audits.num-rational]]
who = "Jerry Xie <jerryxie@microsoft.com>"
criteria = "safe-to-run"
delta = "0.4.1 -> 0.3.2"
notes = "Downgrade delta: removes Default impl, ldexp helper. Pure math, no unsafe. Assisted-by: copilot-cli:claude-opus-4.6"
aggregated-from = "https://raw.githubusercontent.com/OpenDevicePartnership/bq25773/refs/heads/main/supply-chain/audits.toml"

[[audits.OpenDevicePartnership.audits.paste]]
who = "Jerry Xie <jerryxie@microsoft.com>"
criteria = "safe-to-deploy"
version = "1.0.15"
notes = "Proc-macro crate for identifier pasting. No unsafe code. Build script only detects rustc version. std::env::var used only for env!() segment feature. All generated code is safe identifiers/literals via proc_macro API. Assisted-by: GitHub Copilot:claude-opus-4.6 cargo-vet"
aggregated-from = "https://raw.githubusercontent.com/OpenDevicePartnership/embassy-npcx/refs/heads/main/supply-chain/audits.toml"

[[audits.OpenDevicePartnership.audits.portable-atomic]]
who = "Robert Zieba <robertzieba@microsoft.com>"
criteria = "safe-to-deploy"
version = "1.11.1"
aggregated-from = "https://raw.githubusercontent.com/OpenDevicePartnership/embedded-services/refs/heads/main/supply-chain/audits.toml"

[[audits.OpenDevicePartnership.audits.portable-atomic]]
who = "Jerry Xie <jerryxie@microsoft.com>"
criteria = "safe-to-deploy"
delta = "1.11.1 -> 1.13.1"
notes = "Delta audit: three minor releases (1.12.0, 1.13.0, 1.13.1). New unsafe-assume-privileged feature for multi-core interrupt-disable fallback. SeqCst sequential consistency fix in lock-based fallback. x86_64 VMOVDQA detection simplified to AVX check. Arm support expanded to all 32-bit targets. PowerPC64 asm stabilized. Major interrupt module refactoring to RAII guard pattern. All unsafe changes reviewed: sound. No new ambient capabilities. Assisted-by: copilot:claude-opus-4.6"
aggregated-from = "https://raw.githubusercontent.com/OpenDevicePartnership/embedded-services/refs/heads/main/supply-chain/audits.toml"

[[audits.OpenDevicePartnership.audits.regex-automata]]
who = "Jerry Xie <jerryxie@microsoft.com>"
criteria = "safe-to-deploy"
version = "0.4.9"
notes = "Regex engine by BurntSushi. 58 unsafe for DFA perf. Assisted-by: copilot-cli:claude-opus-4.6"
aggregated-from = "https://raw.githubusercontent.com/OpenDevicePartnership/odp-utilities/refs/heads/main/supply-chain/audits.toml"

[[audits.OpenDevicePartnership.audits.regex-syntax]]
who = "Jerry Xie <jerryxie@microsoft.com>"
criteria = "safe-to-deploy"
delta = "0.8.5 -> 0.8.10"
notes = "Delta audit: crate uses #![forbid(unsafe_code)], no build.rs, no proc macros, no powerful imports. Changes are cosmetic: inline format args migration, typo fixes in comments/docs, switched docsrs cfg to docsrs_regex, added Cargo include list, deleted shell test script, minor test additions for negated unicode property classes. No security-relevant changes. Assisted-by: GitHub Copilot:claude-opus-4.6"
aggregated-from = "https://raw.githubusercontent.com/OpenDevicePartnership/embedded-services/refs/heads/main/supply-chain/audits.toml"

[[audits.OpenDevicePartnership.audits.rustversion]]
who = "Billy Price <williamp@microsoft.com>"
criteria = "safe-to-deploy"
delta = "1.0.20 -> 1.0.22"
aggregated-from = "https://raw.githubusercontent.com/OpenDevicePartnership/embassy-imxrt/refs/heads/main/supply-chain/audits.toml"

[[audits.OpenDevicePartnership.audits.serde]]
who = "Robert Zieba <robertzieba@microsoft.com>"
criteria = "safe-to-deploy"
version = "1.0.228"
notes = "Changes are mostly a reorganization of the internal module structure"
aggregated-from = "https://raw.githubusercontent.com/OpenDevicePartnership/embedded-services/refs/heads/main/supply-chain/audits.toml"

[[audits.OpenDevicePartnership.audits.serde_core]]
who = "Robert Zieba <robertzieba@microsoft.com>"
criteria = "safe-to-deploy"
version = "1.0.226"
aggregated-from = "https://raw.githubusercontent.com/OpenDevicePartnership/embedded-services/refs/heads/main/supply-chain/audits.toml"

[[audits.OpenDevicePartnership.audits.serde_derive]]
who = "Robert Zieba <robertzieba@microsoft.com>"
criteria = "safe-to-deploy"
version = "1.0.228"
notes = "Diff is clean-up in proc macros"
aggregated-from = "https://raw.githubusercontent.com/OpenDevicePartnership/embedded-services/refs/heads/main/supply-chain/audits.toml"

[[audits.OpenDevicePartnership.audits.thread_local]]
who = "Jerry Xie <jerryxie@microsoft.com>"
criteria = "safe-to-deploy"
delta = "1.1.4 -> 1.1.9"
notes = "No build script, no FS/net/process capability expansion; unsafe refactor to lock-free insertion and nightly TLS path appears sound on review. Assisted-by: copilot-cli:GPT-5.3-Codex"
aggregated-from = "https://raw.githubusercontent.com/OpenDevicePartnership/embedded-services/refs/heads/main/supply-chain/audits.toml"

[[audits.OpenDevicePartnership.audits.tokio]]
who = "Felipe Balbi <felipe@balbi.sh>"
criteria = "safe-to-run"
version = "1.52.3"
notes = "Async runtime. The existing [[trusted.tokio]] entry covers releases published by user 6741 (Alice Ryhl); this specific 1.52.3 release isn't covered by that trust window so add an explicit audit. tokio's capability surface is broad (process spawn, fs, signal, net) but only what's enabled by features matters: tmp108's dev-dep enables `rt`, `macros`, `rt-multi-thread`, `time` only - no `fs`, `net`, `process`, `signal`. unsafe usage is extensive but expected for an async runtime (intrusive lists, atomics, thread-local state); no build script. Assisted-by: opencode:claude-opus-4.7-1m-internal"
aggregated-from = "https://raw.githubusercontent.com/OpenDevicePartnership/tmp108/refs/heads/main/supply-chain/audits.toml"

[[audits.OpenDevicePartnership.audits.tokio-macros]]
who = "Felipe Balbi <felipe@balbi.sh>"
criteria = "safe-to-run"
version = "2.7.0"
notes = "Proc-macro crate providing #[tokio::main] / #[tokio::test] - the only entry points the dev-deps use. Zero unsafe, no build script, no I/O - pure token manipulation. Assisted-by: opencode:claude-opus-4.7-1m-internal"
aggregated-from = "https://raw.githubusercontent.com/OpenDevicePartnership/tmp108/refs/heads/main/supply-chain/audits.toml"

[[audits.OpenDevicePartnership.audits.trait-variant]]
who = "Jerry Xie <jerryxie@microsoft.com>"
criteria = "safe-to-run"
version = "0.1.2"
notes = "Proc macro for trait variants, no unsafe, no build script, pure token manipulation. Assisted-by: copilot-cli:claude-opus-4.6"
aggregated-from = "https://raw.githubusercontent.com/OpenDevicePartnership/tmp108/refs/heads/main/supply-chain/audits.toml"

[[audits.OpenDevicePartnership.audits.wasi]]
who = "Jerry Xie <jerryxie@microsoft.com>"
criteria = "safe-to-run"
version = "0.11.1+wasi-snapshot-preview1"
notes = "Auto-generated WASI snapshot-preview1 bindings from Bytecode Alliance. no_std, no build script, zero runtime deps. Unsafe limited to FFI wrappers for WASI host calls and unreachable_unchecked in exhaustive enum match arms. Assisted-by: copilot-chat:claude-opus-4.6"
aggregated-from = "https://raw.githubusercontent.com/OpenDevicePartnership/embedded-services/refs/heads/main/supply-chain/audits.toml"

[[audits.OpenDevicePartnership.audits.windows-link]]
who = "Felipe Balbi <febalbi@microsoft.com>"
criteria = "safe-to-run"
delta = "0.2.0 -> 0.2.1"
aggregated-from = "https://raw.githubusercontent.com/OpenDevicePartnership/embedded-mcu/refs/heads/main/supply-chain/audits.toml"

[[audits.bytecode-alliance.audits.addr2line]]
who = "Alex Crichton <alex@alexcrichton.com>"
criteria = "safe-to-deploy"
delta = "0.19.0 -> 0.20.0"
notes = "This version brings support for split-dwarf which while it uses the filesystem is always done at the behest of the caller, so everything is as expected for this update."

[[audits.bytecode-alliance.audits.addr2line]]
who = "Alex Crichton <alex@alexcrichton.com>"
criteria = "safe-to-deploy"
delta = "0.20.0 -> 0.21.0"
notes = "This version bump updated some dependencies and optimized some internals. All looks good."

[[audits.bytecode-alliance.audits.addr2line]]
who = "Alex Crichton <alex@alexcrichton.com>"
criteria = "safe-to-deploy"
delta = "0.21.0 -> 0.22.0"

[[audits.bytecode-alliance.audits.addr2line]]
who = "Alex Crichton <alex@alexcrichton.com>"
criteria = "safe-to-deploy"
delta = "0.22.0 -> 0.24.1"
notes = "Lots of internal code refactorings and code movement. Nothing out of place however."

[[audits.bytecode-alliance.audits.addr2line]]
who = "Alex Crichton <alex@alexcrichton.com>"
criteria = "safe-to-deploy"
delta = "0.24.1 -> 0.25.0"
notes = "All minor changes, even a net reduction of `unsafe`."

[[audits.bytecode-alliance.audits.addr2line]]
who = "Alex Crichton <alex@alexcrichton.com>"
criteria = "safe-to-deploy"
delta = "0.25.0 -> 0.25.1"
notes = "Minor updates, looks like a minor bug fix, nothing awry."

[[audits.bytecode-alliance.audits.embedded-io]]
who = "Alex Crichton <alex@alexcrichton.com>"
criteria = "safe-to-deploy"
version = "0.4.0"
notes = "No `unsafe` code and only uses `std` in ways one would expect the crate to do so."

[[audits.bytecode-alliance.audits.embedded-io]]
who = "Alex Crichton <alex@alexcrichton.com>"
criteria = "safe-to-deploy"
delta = "0.4.0 -> 0.6.1"
notes = "Major updates, but almost all safe code. Lots of pruning/deletions, nothing out of the ordrinary."

[[audits.bytecode-alliance.audits.futures-core]]
who = "Pat Hickey <pat@moreproductive.org>"
criteria = "safe-to-deploy"
delta = "0.3.28 -> 0.3.31"

[[audits.bytecode-alliance.audits.gimli]]
who = "Alex Crichton <alex@alexcrichton.com>"
criteria = "safe-to-deploy"
delta = "0.31.1 -> 0.32.0"
notes = "Ever more DWARF to parse, but also no new `unsafe` and everything looks like gimli."

[[audits.bytecode-alliance.audits.gimli]]
who = "Alex Crichton <alex@alexcrichton.com>"
criteria = "safe-to-deploy"
delta = "0.32.0 -> 0.32.3"
notes = "Ever more dwarf, it never ends! (nothing out of the ordinary)"

[[audits.bytecode-alliance.audits.miniz_oxide]]
who = "Alex Crichton <alex@alexcrichton.com>"
criteria = "safe-to-deploy"
version = "0.7.1"
notes = """
This crate is a Rust implementation of zlib compression/decompression and has
been used by default by the Rust standard library for quite some time. It's also
a default dependency of the popular `backtrace` crate for decompressing debug
information. This crate forbids unsafe code and does not otherwise access system
resources. It's originally a port of the `miniz.c` library as well, and given
its own longevity should be relatively hardened against some of the more common
compression-related issues.
"""

[[audits.bytecode-alliance.audits.miniz_oxide]]
who = "Alex Crichton <alex@alexcrichton.com>"
criteria = "safe-to-deploy"
delta = "0.7.1 -> 0.8.0"
notes = "Minor updates, using new Rust features like `const`, no major changes."

[[audits.bytecode-alliance.audits.miniz_oxide]]
who = "Alex Crichton <alex@alexcrichton.com>"
criteria = "safe-to-deploy"
delta = "0.8.0 -> 0.8.5"
notes = """
Lots of small updates here and there, for example around modernizing Rust
idioms. No new `unsafe` code and everything looks like what you'd expect a
compression library to be doing.
"""

[[audits.bytecode-alliance.audits.miniz_oxide]]
who = "Alex Crichton <alex@alexcrichton.com>"
criteria = "safe-to-deploy"
delta = "0.8.5 -> 0.8.9"
notes = "No new unsafe code, just refactorings."

[[audits.bytecode-alliance.audits.smallvec]]
who = "Alex Crichton <alex@alexcrichton.com>"
criteria = "safe-to-deploy"
delta = "1.13.2 -> 1.14.0"
notes = "Minor new feature, nothing out of the ordinary."

[[audits.bytecode-alliance.audits.socket2]]
who = "Alex Crichton <alex@alexcrichton.com>"
criteria = "safe-to-deploy"
delta = "0.4.9 -> 0.4.4"

[[audits.bytecode-alliance.audits.thread_local]]
who = "Pat Hickey <phickey@fastly.com>"
criteria = "safe-to-deploy"
version = "1.1.4"
notes = "uses unsafe to implement thread local storage of objects"

[[audits.google.audits.addr2line]]
who = "George Burgess IV <gbiv@google.com>"
criteria = "safe-to-run"
version = "0.19.0"
aggregated-from = "https://chromium.googlesource.com/chromiumos/third_party/rust_crates/+/refs/heads/main/cargo-vet/audits.toml?format=TEXT"

[[audits.google.audits.adler2]]
who = "Lukasz Anforowicz <lukasza@chromium.org>"
criteria = "safe-to-deploy"
version = "2.0.0"
notes = '''
This audit has been reviewed in https://crrev.com/c/5811890

The crate is fairly easy to read thanks to its small size and rich comments.

I've grepped for `-i cipher`, `-i crypto`, `\bfs\b`, `\bnet\b`, and
`\bunsafe\b`.  There were no hits (except for a comment in `README.md`
and `lib.rs` pointing out "Zero `unsafe`").
'''
aggregated-from = "https://chromium.googlesource.com/chromium/src/+/main/third_party/rust/chromium_crates_io/supply-chain/audits.toml?format=TEXT"

[[audits.google.audits.autocfg]]
who = "Manish Goregaokar <manishearth@google.com>"
criteria = "safe-to-deploy"
version = "1.4.0"
notes = "Contains no unsafe"
aggregated-from = "https://chromium.googlesource.com/chromium/src/+/main/third_party/rust/chromium_crates_io/supply-chain/audits.toml?format=TEXT"

[[audits.google.audits.bytes]]
who = "George Burgess IV <gbiv@google.com>"
criteria = "safe-to-run"
version = "1.4.0"
aggregated-from = "https://chromium.googlesource.com/chromiumos/third_party/rust_crates/+/refs/heads/main/cargo-vet/audits.toml?format=TEXT"

[[audits.google.audits.bytes]]
who = "agl@chromium.org"
criteria = "safe-to-run"
delta = "1.4.0 -> 1.5.0"
aggregated-from = "https://chromium.googlesource.com/chromium/src/+/main/third_party/rust/chromium_crates_io/supply-chain/audits.toml?format=TEXT"

[[audits.google.audits.bytes]]
who = "Dustin J. Mitchell <djmitche@chromium.org>"
criteria = "safe-to-run"
delta = "1.5.0 -> 1.6.0"
notes = "Update removes some unsafe, and includes verifiable safety comments for newly-added unsafe."
aggregated-from = "https://chromium.googlesource.com/chromium/src/+/main/third_party/rust/chromium_crates_io/supply-chain/audits.toml?format=TEXT"

[[audits.google.audits.bytes]]
who = "Dustin J. Mitchell <djmitche@chromium.org>"
criteria = "safe-to-run"
delta = "1.6.0 -> 1.6.1"
notes = "Very minor update, no unsafe changes"
aggregated-from = "https://chromium.googlesource.com/chromium/src/+/main/third_party/rust/chromium_crates_io/supply-chain/audits.toml?format=TEXT"

[[audits.google.audits.bytes]]
who = "Lukasz Anforowicz <lukasza@chromium.org>"
criteria = "safe-to-run"
delta = "1.6.1 -> 1.7.1"
notes = "Many changes but they seem to meet the low bar of safe-to-run."
aggregated-from = "https://chromium.googlesource.com/chromium/src/+/main/third_party/rust/chromium_crates_io/supply-chain/audits.toml?format=TEXT"

[[audits.google.audits.bytes]]
who = "Lukasz Anforowicz <lukasza@chromium.org>"
criteria = "safe-to-run"
delta = "1.7.1 -> 1.7.2"
aggregated-from = "https://chromium.googlesource.com/chromium/src/+/main/third_party/rust/chromium_crates_io/supply-chain/audits.toml?format=TEXT"

[[audits.google.audits.embedded-hal-mock]]
who = "George Burgess IV <gbiv@google.com>"
criteria = "safe-to-run"
version = "0.8.0"
aggregated-from = "https://chromium.googlesource.com/chromiumos/third_party/rust_crates/+/refs/heads/main/cargo-vet/audits.toml?format=TEXT"

[[audits.google.audits.futures-core]]
who = "George Burgess IV <gbiv@google.com>"
criteria = "safe-to-run"
version = "0.3.28"
aggregated-from = "https://chromium.googlesource.com/chromiumos/third_party/rust_crates/+/refs/heads/main/cargo-vet/audits.toml?format=TEXT"

[[audits.google.audits.nb]]
who = "George Burgess IV <gbiv@google.com>"
criteria = "safe-to-deploy"
version = "1.0.0"
aggregated-from = "https://chromium.googlesource.com/chromiumos/third_party/rust_crates/+/refs/heads/main/cargo-vet/audits.toml?format=TEXT"

[[audits.google.audits.nb]]
who = "George Burgess IV <gbiv@google.com>"
criteria = "safe-to-deploy"
delta = "1.0.0 -> 0.1.3"
aggregated-from = "https://chromium.googlesource.com/chromiumos/third_party/rust_crates/+/refs/heads/main/cargo-vet/audits.toml?format=TEXT"

[[audits.google.audits.nb]]
who = "George Burgess IV <gbiv@google.com>"
criteria = "safe-to-deploy"
delta = "1.0.0 -> 1.1.0"
aggregated-from = "https://chromium.googlesource.com/chromiumos/third_party/rust_crates/+/refs/heads/main/cargo-vet/audits.toml?format=TEXT"

[[audits.google.audits.num-integer]]
who = "Manish Goregaokar <manishearth@google.com>"
criteria = "safe-to-deploy"
version = "0.1.46"
notes = "Contains no unsafe"
aggregated-from = "https://chromium.googlesource.com/chromium/src/+/main/third_party/rust/chromium_crates_io/supply-chain/audits.toml?format=TEXT"

[[audits.google.audits.num-iter]]
who = "George Burgess IV <gbiv@google.com>"
criteria = "safe-to-deploy"
version = "0.1.43"
aggregated-from = "https://chromium.googlesource.com/chromiumos/third_party/rust_crates/+/refs/heads/main/cargo-vet/audits.toml?format=TEXT"

[[audits.google.audits.num-traits]]
who = "Manish Goregaokar <manishearth@google.com>"
criteria = "safe-to-deploy"
version = "0.2.19"
notes = "Contains a single line of float-to-int unsafe with decent safety comments"
aggregated-from = "https://chromium.googlesource.com/chromium/src/+/main/third_party/rust/chromium_crates_io/supply-chain/audits.toml?format=TEXT"

[[audits.google.audits.pin-project-lite]]
who = "ChromeOS"
criteria = "safe-to-run"
version = "0.2.9"
aggregated-from = "https://chromium.googlesource.com/chromiumos/third_party/rust_crates/+/refs/heads/main/cargo-vet/audits.toml?format=TEXT"

[[audits.google.audits.pin-project-lite]]
who = "David Koloski <dkoloski@google.com>"
criteria = "safe-to-deploy"
delta = "0.2.9 -> 0.2.13"
notes = "Audited at https://fxrev.dev/946396"
aggregated-from = "https://fuchsia.googlesource.com/fuchsia/+/refs/heads/main/third_party/rust_crates/supply-chain/audits.toml?format=TEXT"

[[audits.google.audits.regex-syntax]]
who = "Justin Green <greenjustin@google.com>"
criteria = "safe-to-run"
version = "0.8.5"
aggregated-from = "https://chromium.googlesource.com/chromiumos/third_party/rust_crates/+/refs/heads/main/cargo-vet/audits.toml?format=TEXT"

[[audits.google.audits.rustversion]]
who = "Lukasz Anforowicz <lukasza@chromium.org>"
criteria = "safe-to-deploy"
version = "1.0.14"
notes = """
Grepped for `-i cipher`, `-i crypto`, `'\bfs\b'``, `'\bnet\b'``, `'\bunsafe\b'``
and there were no hits except for:

* Using trivially-safe `unsafe` in test code:

    ```
    tests/test_const.rs:unsafe fn _unsafe() {}
    tests/test_const.rs:const _UNSAFE: () = unsafe { _unsafe() };
    ```

* Using `unsafe` in a string:

    ```
    src/constfn.rs:            "unsafe" => Qualifiers::Unsafe,
    ```

* Using `std::fs` in `build/build.rs` to write `${OUT_DIR}/version.expr`
  which is later read back via `include!` used in `src/lib.rs`.

Version `1.0.6` of this crate has been added to Chromium in
https://source.chromium.org/chromium/chromium/src/+/28841c33c77833cc30b286f9ae24c97e7a8f4057
"""
aggregated-from = "https://chromium.googlesource.com/chromium/src/+/main/third_party/rust/chromium_crates_io/supply-chain/audits.toml?format=TEXT"

[[audits.google.audits.rustversion]]
who = "Adrian Taylor <adetaylor@chromium.org>"
criteria = "safe-to-deploy"
delta = "1.0.14 -> 1.0.15"
aggregated-from = "https://chromium.googlesource.com/chromium/src/+/main/third_party/rust/chromium_crates_io/supply-chain/audits.toml?format=TEXT"

[[audits.google.audits.rustversion]]
who = "danakj <danakj@chromium.org>"
criteria = "safe-to-deploy"
delta = "1.0.15 -> 1.0.16"
aggregated-from = "https://chromium.googlesource.com/chromium/src/+/main/third_party/rust/chromium_crates_io/supply-chain/audits.toml?format=TEXT"

[[audits.google.audits.rustversion]]
who = "Dustin J. Mitchell <djmitche@chromium.org>"
criteria = "safe-to-deploy"
delta = "1.0.16 -> 1.0.17"
notes = "Just updates windows compat"
aggregated-from = "https://chromium.googlesource.com/chromium/src/+/main/third_party/rust/chromium_crates_io/supply-chain/audits.toml?format=TEXT"

[[audits.google.audits.rustversion]]
who = "Liza Burakova <liza@chromium.org>"
criteria = "safe-to-deploy"
delta = "1.0.17 -> 1.0.18"
aggregated-from = "https://chromium.googlesource.com/chromium/src/+/main/third_party/rust/chromium_crates_io/supply-chain/audits.toml?format=TEXT"

[[audits.google.audits.rustversion]]
who = "Dustin J. Mitchell <djmitche@chromium.org>"
criteria = "safe-to-deploy"
delta = "1.0.18 -> 1.0.19"
notes = "No unsafe, just doc changes"
aggregated-from = "https://chromium.googlesource.com/chromium/src/+/main/third_party/rust/chromium_crates_io/supply-chain/audits.toml?format=TEXT"

[[audits.google.audits.rustversion]]
who = "Daniel Cheng <dcheng@chromium.org>"
criteria = "safe-to-deploy"
delta = "1.0.19 -> 1.0.20"
notes = "Only minor updates to documentation and the mock today used for testing."
aggregated-from = "https://chromium.googlesource.com/chromium/src/+/main/third_party/rust/chromium_crates_io/supply-chain/audits.toml?format=TEXT"

[[audits.google.audits.smallvec]]
who = "Manish Goregaokar <manishearth@google.com>"
criteria = "safe-to-deploy"
version = "1.13.2"
aggregated-from = "https://chromium.googlesource.com/chromium/src/+/main/third_party/rust/chromium_crates_io/supply-chain/audits.toml?format=TEXT"

[[audits.google.audits.socket2]]
who = "Vovo Yang <vovoy@google.com>"
criteria = "safe-to-run"
version = "0.4.9"
aggregated-from = "https://chromium.googlesource.com/chromiumos/third_party/rust_crates/+/refs/heads/main/cargo-vet/audits.toml?format=TEXT"

[[audits.google.audits.socket2]]
who = "David Koloski <dkoloski@google.com>"
criteria = "safe-to-deploy"
delta = "0.4.4 -> 0.5.5"
notes = "Reviewed at https://fxrev.dev/946307"
aggregated-from = "https://fuchsia.googlesource.com/fuchsia/+/refs/heads/main/third_party/rust_crates/supply-chain/audits.toml?format=TEXT"

[[audits.google.audits.spin]]
who = "George Burgess IV <gbiv@google.com>"
criteria = "safe-to-run"
version = "0.9.8"
aggregated-from = "https://chromium.googlesource.com/chromiumos/third_party/rust_crates/+/refs/heads/main/cargo-vet/audits.toml?format=TEXT"

[[audits.google.audits.void]]
who = "George Burgess IV <gbiv@google.com>"
criteria = "safe-to-deploy"
version = "1.0.2"
aggregated-from = "https://chromium.googlesource.com/chromiumos/third_party/rust_crates/+/refs/heads/main/cargo-vet/audits.toml?format=TEXT"

[[audits.mozilla.audits.num]]
who = "Josh Stone <jistone@redhat.com>"
criteria = "safe-to-deploy"
version = "0.4.0"
notes = "All code written or reviewed by Josh Stone."
aggregated-from = "https://hg.mozilla.org/mozilla-central/raw-file/tip/supply-chain/audits.toml"

[[audits.mozilla.audits.num-complex]]
who = "Josh Stone <jistone@redhat.com>"
criteria = "safe-to-deploy"
version = "0.4.2"
notes = "All code written or reviewed by Josh Stone."
aggregated-from = "https://hg.mozilla.org/mozilla-central/raw-file/tip/supply-chain/audits.toml"

[[audits.mozilla.audits.num-rational]]
who = "Josh Stone <jistone@redhat.com>"
criteria = "safe-to-deploy"
version = "0.4.1"
notes = "All code written or reviewed by Josh Stone."
aggregated-from = "https://hg.mozilla.org/mozilla-central/raw-file/tip/supply-chain/audits.toml"

[[audits.mozilla.audits.pin-project-lite]]
who = "Mike Hommey <mh+mozilla@glandium.org>"
criteria = "safe-to-deploy"
delta = "0.2.13 -> 0.2.14"
aggregated-from = "https://hg.mozilla.org/mozilla-central/raw-file/tip/supply-chain/audits.toml"

[[audits.mozilla.audits.pin-project-lite]]
who = "Nika Layzell <nika@thelayzells.com>"
criteria = "safe-to-deploy"
delta = "0.2.14 -> 0.2.16"
notes = """
Only functional change is to work around a bug in the negative_impls feature
(https://github.com/taiki-e/pin-project/issues/340#issuecomment-2432146009)
"""
aggregated-from = "https://raw.githubusercontent.com/mozilla/cargo-vet/main/supply-chain/audits.toml"

[[audits.mozilla.audits.regex-automata]]
who = "Benjamin VanderSloot <bvandersloot@mozilla.com>"
criteria = "safe-to-deploy"
delta = "0.4.9 -> 0.4.14"
aggregated-from = "https://hg.mozilla.org/mozilla-central/raw-file/tip/supply-chain/audits.toml"

[[audits.mozilla.audits.serde_core]]
who = "Erich Gubler <erichdongubler@gmail.com>"
criteria = "safe-to-deploy"
delta = "1.0.226 -> 1.0.227"
aggregated-from = "https://hg.mozilla.org/mozilla-central/raw-file/tip/supply-chain/audits.toml"

[[audits.mozilla.audits.serde_core]]
who = "Jan-Erik Rediger <jrediger@mozilla.com>"
criteria = "safe-to-deploy"
delta = "1.0.227 -> 1.0.228"
aggregated-from = "https://raw.githubusercontent.com/mozilla/glean/main/supply-chain/audits.toml"

[[audits.mozilla.audits.signal-hook-registry]]
who = "Henrik Skupin <mail@hskupin.info>"
criteria = "safe-to-run"
version = "1.4.8"
notes = "Well-maintained crate for low-level OS signal handling, used via tokio's signal feature."
aggregated-from = "https://hg.mozilla.org/mozilla-central/raw-file/tip/supply-chain/audits.toml"

[[audits.mozilla.audits.smallvec]]
who = "Erich Gubler <erichdongubler@gmail.com>"
criteria = "safe-to-deploy"
delta = "1.14.0 -> 1.15.1"
aggregated-from = "https://hg.mozilla.org/mozilla-central/raw-file/tip/supply-chain/audits.toml"

[[audits.mozilla.audits.socket2]]
who = "Kershaw Chang <kershaw@mozilla.com>"
criteria = "safe-to-deploy"
delta = "0.5.5 -> 0.5.7"
aggregated-from = "https://hg.mozilla.org/mozilla-central/raw-file/tip/supply-chain/audits.toml"

[[audits.mozilla.audits.socket2]]
who = "Henrik Skupin <mail@hskupin.info>"
criteria = "safe-to-deploy"
delta = "0.5.7 -> 0.6.3"
aggregated-from = "https://hg.mozilla.org/mozilla-central/raw-file/tip/supply-chain/audits.toml"

[[audits.mozilla.audits.windows-link]]
who = "Mark Hammond <mhammond@skippinet.com.au>"
criteria = "safe-to-deploy"
version = "0.1.1"
notes = "A microsoft crate allowing unsafe calls to windows apis."
aggregated-from = "https://hg.mozilla.org/mozilla-central/raw-file/tip/supply-chain/audits.toml"

[[audits.mozilla.audits.windows-link]]
who = "Erich Gubler <erichdongubler@gmail.com>"
criteria = "safe-to-deploy"
delta = "0.1.1 -> 0.2.0"
aggregated-from = "https://hg.mozilla.org/mozilla-central/raw-file/tip/supply-chain/audits.toml"

[[audits.zcash.audits.adler2]]
who = "Jack Grigg <jack@electriccoin.co>"
criteria = "safe-to-deploy"
delta = "2.0.0 -> 2.0.1"
aggregated-from = "https://raw.githubusercontent.com/zcash/zcash/master/qa/supply-chain/audits.toml"

[[audits.zcash.audits.autocfg]]
who = "Jack Grigg <jack@electriccoin.co>"
criteria = "safe-to-deploy"
delta = "1.4.0 -> 1.5.0"
notes = "Filesystem change is to remove the generated LLVM IR output file after probing."
aggregated-from = "https://raw.githubusercontent.com/zcash/zcash/master/qa/supply-chain/audits.toml"

[[audits.zcash.audits.bytes]]
who = "Daira-Emma Hopwood <daira@jacaranda.org>"
criteria = "safe-to-deploy"
delta = "1.7.2 -> 1.11.1"
notes = "New/changed uses of unsafe are documented and seem plausible."
aggregated-from = "https://raw.githubusercontent.com/zcash/zcash/master/qa/supply-chain/audits.toml"
